// !$*UTF8*$!
{
	archiveVersion = 1;
	classes = {
	};
	objectVersion = 50;
	objects = {

/* Begin PBXBuildFile section */
		CD0FC68821DFF5F60060A596 /* AppDelegate.swift in Sources */ = {isa = PBXBuildFile; fileRef = CD0FC68721DFF5F60060A596 /* AppDelegate.swift */; };
		CD0FC68D21DFF5F70060A596 /* Main.storyboard in Resources */ = {isa = PBXBuildFile; fileRef = CD0FC68B21DFF5F70060A596 /* Main.storyboard */; };
		CD0FC68F21DFF6010060A596 /* Assets.xcassets in Resources */ = {isa = PBXBuildFile; fileRef = CD0FC68E21DFF6010060A596 /* Assets.xcassets */; };
		CD0FC6A521DFF93C0060A596 /* CreativityCollectionViewController.swift in Sources */ = {isa = PBXBuildFile; fileRef = CD0FC6A421DFF93B0060A596 /* CreativityCollectionViewController.swift */; };
		CD0FC6A721DFF9530060A596 /* CreativityViewController.swift in Sources */ = {isa = PBXBuildFile; fileRef = CD0FC6A621DFF9530060A596 /* CreativityViewController.swift */; };
		CD0FC6A921DFF9750060A596 /* BucketItemCell.swift in Sources */ = {isa = PBXBuildFile; fileRef = CD0FC6A821DFF9740060A596 /* BucketItemCell.swift */; };
		CD0FC6AB21DFF9890060A596 /* DataViewController.swift in Sources */ = {isa = PBXBuildFile; fileRef = CD0FC6AA21DFF9890060A596 /* DataViewController.swift */; };
		CD0FC6AD21DFF9980060A596 /* AbstractionViewController.swift in Sources */ = {isa = PBXBuildFile; fileRef = CD0FC6AC21DFF9980060A596 /* AbstractionViewController.swift */; };
		CD0FC6AF21DFF9A50060A596 /* AlgorithmController.swift in Sources */ = {isa = PBXBuildFile; fileRef = CD0FC6AE21DFF9A50060A596 /* AlgorithmController.swift */; };
		CD0FC6B121DFF9C50060A596 /* CreativityCell.swift in Sources */ = {isa = PBXBuildFile; fileRef = CD0FC6B021DFF9C50060A596 /* CreativityCell.swift */; };
		CD0FC6B321DFF9D00060A596 /* DrawingView.swift in Sources */ = {isa = PBXBuildFile; fileRef = CD0FC6B221DFF9D00060A596 /* DrawingView.swift */; };
		CDBD0C0F21E535060033852F /* BucketItem.swift in Sources */ = {isa = PBXBuildFile; fileRef = CDBD0C0E21E535060033852F /* BucketItem.swift */; };
/* End PBXBuildFile section */

/* Begin PBXFileReference section */
		CD0FC68421DFF5F60060A596 /* MegaProject.app */ = {isa = PBXFileReference; explicitFileType = wrapper.application; includeInIndex = 0; path = MegaProject.app; sourceTree = BUILT_PRODUCTS_DIR; };
		CD0FC68721DFF5F60060A596 /* AppDelegate.swift */ = {isa = PBXFileReference; lastKnownFileType = sourcecode.swift; path = AppDelegate.swift; sourceTree = "<group>"; };
		CD0FC68C21DFF5F70060A596 /* Base */ = {isa = PBXFileReference; lastKnownFileType = file.storyboard; name = Base; path = Base.lproj/Main.storyboard; sourceTree = "<group>"; };
		CD0FC68E21DFF6010060A596 /* Assets.xcassets */ = {isa = PBXFileReference; lastKnownFileType = folder.assetcatalog; path = Assets.xcassets; sourceTree = "<group>"; };
		CD0FC69321DFF6010060A596 /* Info.plist */ = {isa = PBXFileReference; lastKnownFileType = text.plist.xml; path = Info.plist; sourceTree = "<group>"; };
		CD0FC6A421DFF93B0060A596 /* CreativityCollectionViewController.swift */ = {isa = PBXFileReference; fileEncoding = 4; lastKnownFileType = sourcecode.swift; path = CreativityCollectionViewController.swift; sourceTree = "<group>"; };
		CD0FC6A621DFF9530060A596 /* CreativityViewController.swift */ = {isa = PBXFileReference; fileEncoding = 4; lastKnownFileType = sourcecode.swift; path = CreativityViewController.swift; sourceTree = "<group>"; };
		CD0FC6A821DFF9740060A596 /* BucketItemCell.swift */ = {isa = PBXFileReference; fileEncoding = 4; lastKnownFileType = sourcecode.swift; path = BucketItemCell.swift; sourceTree = "<group>"; };
		CD0FC6AA21DFF9890060A596 /* DataViewController.swift */ = {isa = PBXFileReference; fileEncoding = 4; lastKnownFileType = sourcecode.swift; path = DataViewController.swift; sourceTree = "<group>"; };
		CD0FC6AC21DFF9980060A596 /* AbstractionViewController.swift */ = {isa = PBXFileReference; fileEncoding = 4; lastKnownFileType = sourcecode.swift; path = AbstractionViewController.swift; sourceTree = "<group>"; };
		CD0FC6AE21DFF9A50060A596 /* AlgorithmController.swift */ = {isa = PBXFileReference; fileEncoding = 4; lastKnownFileType = sourcecode.swift; path = AlgorithmController.swift; sourceTree = "<group>"; };
		CD0FC6B021DFF9C50060A596 /* CreativityCell.swift */ = {isa = PBXFileReference; fileEncoding = 4; lastKnownFileType = sourcecode.swift; path = CreativityCell.swift; sourceTree = "<group>"; };
		CD0FC6B221DFF9D00060A596 /* DrawingView.swift */ = {isa = PBXFileReference; fileEncoding = 4; lastKnownFileType = sourcecode.swift; path = DrawingView.swift; sourceTree = "<group>"; };
		CDBD0C0E21E535060033852F /* BucketItem.swift */ = {isa = PBXFileReference; fileEncoding = 4; lastKnownFileType = sourcecode.swift; path = BucketItem.swift; sourceTree = "<group>"; };
/* End PBXFileReference section */

/* Begin PBXFrameworksBuildPhase section */
		CD0FC68121DFF5F60060A596 /* Frameworks */ = {
			isa = PBXFrameworksBuildPhase;
			buildActionMask = 2147483647;
			files = (
			);
			runOnlyForDeploymentPostprocessing = 0;
		};
/* End PBXFrameworksBuildPhase section */

/* Begin PBXGroup section */
		CD0FC67B21DFF5F60060A596 = {
			isa = PBXGroup;
			children = (
				CD0FC68621DFF5F60060A596 /* MegaProject */,
				CD0FC68521DFF5F60060A596 /* Products */,
			);
			sourceTree = "<group>";
		};
		CD0FC68521DFF5F60060A596 /* Products */ = {
			isa = PBXGroup;
			children = (
				CD0FC68421DFF5F60060A596 /* MegaProject.app */,
			);
			name = Products;
			sourceTree = "<group>";
		};
		CD0FC68621DFF5F60060A596 /* MegaProject */ = {
			isa = PBXGroup;
			children = (
				CDBD0C0D21E534F30033852F /* Model */,
				CD0FC69921DFF62D0060A596 /* Resources */,
				CD0FC69A21DFF79E0060A596 /* Controller */,
				CD0FC69B21DFF7A80060A596 /* View */,
			);
			path = MegaProject;
			sourceTree = "<group>";
		};
		CD0FC69921DFF62D0060A596 /* Resources */ = {
			isa = PBXGroup;
			children = (
				CD0FC68721DFF5F60060A596 /* AppDelegate.swift */,
				CD0FC68E21DFF6010060A596 /* Assets.xcassets */,
				CD0FC69321DFF6010060A596 /* Info.plist */,
			);
			path = Resources;
			sourceTree = "<group>";
		};
		CD0FC69A21DFF79E0060A596 /* Controller */ = {
			isa = PBXGroup;
			children = (
				CD0FC69F21DFF7E80060A596 /* Algorithm */,
				CD0FC69E21DFF7DE0060A596 /* Abstraction */,
				CD0FC69D21DFF7D80060A596 /* Creativity */,
				CD0FC69C21DFF7D00060A596 /* Data */,
			);
			path = Controller;
			sourceTree = "<group>";
		};
		CD0FC69B21DFF7A80060A596 /* View */ = {
			isa = PBXGroup;
			children = (
				CD0FC6B221DFF9D00060A596 /* DrawingView.swift */,
				CD0FC6B021DFF9C50060A596 /* CreativityCell.swift */,
				CD0FC68B21DFF5F70060A596 /* Main.storyboard */,
			);
			path = View;
			sourceTree = "<group>";
		};
		CD0FC69C21DFF7D00060A596 /* Data */ = {
			isa = PBXGroup;
			children = (
				CD0FC6AA21DFF9890060A596 /* DataViewController.swift */,
				CD0FC6A821DFF9740060A596 /* BucketItemCell.swift */,
			);
			path = Data;
			sourceTree = "<group>";
		};
		CD0FC69D21DFF7D80060A596 /* Creativity */ = {
			isa = PBXGroup;
			children = (
				CD0FC6A621DFF9530060A596 /* CreativityViewController.swift */,
				CD0FC6A421DFF93B0060A596 /* CreativityCollectionViewController.swift */,
			);
			path = Creativity;
			sourceTree = "<group>";
		};
		CD0FC69E21DFF7DE0060A596 /* Abstraction */ = {
			isa = PBXGroup;
			children = (
				CD0FC6AC21DFF9980060A596 /* AbstractionViewController.swift */,
			);
			path = Abstraction;
			sourceTree = "<group>";
		};
		CD0FC69F21DFF7E80060A596 /* Algorithm */ = {
			isa = PBXGroup;
			children = (
				CD0FC6AE21DFF9A50060A596 /* AlgorithmController.swift */,
			);
			path = Algorithm;
			sourceTree = "<group>";
		};
		CDBD0C0D21E534F30033852F /* Model */ = {
			isa = PBXGroup;
			children = (
				CDBD0C0E21E535060033852F /* BucketItem.swift */,
			);
			path = Model;
			sourceTree = "<group>";
		};
/* End PBXGroup section */

/* Begin PBXNativeTarget section */
		CD0FC68321DFF5F60060A596 /* MegaProject */ = {
			isa = PBXNativeTarget;
			buildConfigurationList = CD0FC69621DFF6010060A596 /* Build configuration list for PBXNativeTarget "MegaProject" */;
			buildPhases = (
				CD0FC68021DFF5F60060A596 /* Sources */,
				CD0FC68121DFF5F60060A596 /* Frameworks */,
				CD0FC68221DFF5F60060A596 /* Resources */,
			);
			buildRules = (
			);
			dependencies = (
			);
			name = MegaProject;
			productName = MegaProject;
			productReference = CD0FC68421DFF5F60060A596 /* MegaProject.app */;
			productType = "com.apple.product-type.application";
		};
/* End PBXNativeTarget section */

/* Begin PBXProject section */
		CD0FC67C21DFF5F60060A596 /* Project object */ = {
			isa = PBXProject;
			attributes = {
				LastSwiftUpdateCheck = 1000;
				LastUpgradeCheck = 1000;
				ORGANIZATIONNAME = CTEC;
				TargetAttributes = {
					CD0FC68321DFF5F60060A596 = {
						CreatedOnToolsVersion = 10.0;
					};
				};
			};
			buildConfigurationList = CD0FC67F21DFF5F60060A596 /* Build configuration list for PBXProject "MegaProject" */;
			compatibilityVersion = "Xcode 9.3";
			developmentRegion = en;
			hasScannedForEncodings = 0;
			knownRegions = (
				en,
				Base,
			);
			mainGroup = CD0FC67B21DFF5F60060A596;
			productRefGroup = CD0FC68521DFF5F60060A596 /* Products */;
			projectDirPath = "";
			projectRoot = "";
			targets = (
				CD0FC68321DFF5F60060A596 /* MegaProject */,
			);
		};
/* End PBXProject section */

/* Begin PBXResourcesBuildPhase section */
		CD0FC68221DFF5F60060A596 /* Resources */ = {
			isa = PBXResourcesBuildPhase;
			buildActionMask = 2147483647;
			files = (
				CD0FC68F21DFF6010060A596 /* Assets.xcassets in Resources */,
				CD0FC68D21DFF5F70060A596 /* Main.storyboard in Resources */,
			);
			runOnlyForDeploymentPostprocessing = 0;
		};
/* End PBXResourcesBuildPhase section */

/* Begin PBXSourcesBuildPhase section */
		CD0FC68021DFF5F60060A596 /* Sources */ = {
			isa = PBXSourcesBuildPhase;
			buildActionMask = 2147483647;
			files = (
				CD0FC6AF21DFF9A50060A596 /* AlgorithmController.swift in Sources */,
				CD0FC6A921DFF9750060A596 /* BucketItemCell.swift in Sources */,
				CD0FC6A521DFF93C0060A596 /* CreativityCollectionViewController.swift in Sources */,
				CD0FC6B121DFF9C50060A596 /* CreativityCell.swift in Sources */,
				CD0FC6AB21DFF9890060A596 /* DataViewController.swift in Sources */,
				CD0FC6AD21DFF9980060A596 /* AbstractionViewController.swift in Sources */,
				CD0FC6B321DFF9D00060A596 /* DrawingView.swift in Sources */,
				CD0FC68821DFF5F60060A596 /* AppDelegate.swift in Sources */,
				CDBD0C0F21E535060033852F /* BucketItem.swift in Sources */,
				CD0FC6A721DFF9530060A596 /* CreativityViewController.swift in Sources */,
			);
			runOnlyForDeploymentPostprocessing = 0;
		};
/* End PBXSourcesBuildPhase section */

/* Begin PBXVariantGroup section */
		CD0FC68B21DFF5F70060A596 /* Main.storyboard */ = {
			isa = PBXVariantGroup;
			children = (
				CD0FC68C21DFF5F70060A596 /* Base */,
			);
			name = Main.storyboard;
			sourceTree = "<group>";
		};
/* End PBXVariantGroup section */

/* Begin XCBuildConfiguration section */
		CD0FC69421DFF6010060A596 /* Debug */ = {
			isa = XCBuildConfiguration;
			buildSettings = {
				ALWAYS_SEARCH_USER_PATHS = NO;
				CLANG_ANALYZER_NONNULL = YES;
				CLANG_ANALYZER_NUMBER_OBJECT_CONVERSION = YES_AGGRESSIVE;
				CLANG_CXX_LANGUAGE_STANDARD = "gnu++14";
				CLANG_CXX_LIBRARY = "libc++";
				CLANG_ENABLE_MODULES = YES;
				CLANG_ENABLE_OBJC_ARC = YES;
				CLANG_ENABLE_OBJC_WEAK = YES;
				CLANG_WARN_BLOCK_CAPTURE_AUTORELEASING = YES;
				CLANG_WARN_BOOL_CONVERSION = YES;
				CLANG_WARN_COMMA = YES;
				CLANG_WARN_CONSTANT_CONVERSION = YES;
				CLANG_WARN_DEPRECATED_OBJC_IMPLEMENTATIONS = YES;
				CLANG_WARN_DIRECT_OBJC_ISA_USAGE = YES_ERROR;
				CLANG_WARN_DOCUMENTATION_COMMENTS = YES;
				CLANG_WARN_EMPTY_BODY = YES;
				CLANG_WARN_ENUM_CONVERSION = YES;
				CLANG_WARN_INFINITE_RECURSION = YES;
				CLANG_WARN_INT_CONVERSION = YES;
				CLANG_WARN_NON_LITERAL_NULL_CONVERSION = YES;
				CLANG_WARN_OBJC_IMPLICIT_RETAIN_SELF = YES;
				CLANG_WARN_OBJC_LITERAL_CONVERSION = YES;
				CLANG_WARN_OBJC_ROOT_CLASS = YES_ERROR;
				CLANG_WARN_RANGE_LOOP_ANALYSIS = YES;
				CLANG_WARN_STRICT_PROTOTYPES = YES;
				CLANG_WARN_SUSPICIOUS_MOVE = YES;
				CLANG_WARN_UNGUARDED_AVAILABILITY = YES_AGGRESSIVE;
				CLANG_WARN_UNREACHABLE_CODE = YES;
				CLANG_WARN__DUPLICATE_METHOD_MATCH = YES;
				CODE_SIGN_IDENTITY = "iPhone Developer";
				COPY_PHASE_STRIP = NO;
				DEBUG_INFORMATION_FORMAT = dwarf;
				ENABLE_STRICT_OBJC_MSGSEND = YES;
				ENABLE_TESTABILITY = YES;
				GCC_C_LANGUAGE_STANDARD = gnu11;
				GCC_DYNAMIC_NO_PIC = NO;
				GCC_NO_COMMON_BLOCKS = YES;
				GCC_OPTIMIZATION_LEVEL = 0;
				GCC_PREPROCESSOR_DEFINITIONS = (
					"DEBUG=1",
					"$(inherited)",
				);
				GCC_WARN_64_TO_32_BIT_CONVERSION = YES;
				GCC_WARN_ABOUT_RETURN_TYPE = YES_ERROR;
				GCC_WARN_UNDECLARED_SELECTOR = YES;
				GCC_WARN_UNINITIALIZED_AUTOS = YES_AGGRESSIVE;
				GCC_WARN_UNUSED_FUNCTION = YES;
				GCC_WARN_UNUSED_VARIABLE = YES;
				IPHONEOS_DEPLOYMENT_TARGET = 12.0;
				MTL_ENABLE_DEBUG_INFO = INCLUDE_SOURCE;
				MTL_FAST_MATH = YES;
				ONLY_ACTIVE_ARCH = YES;
				SDKROOT = iphoneos;
				SWIFT_ACTIVE_COMPILATION_CONDITIONS = DEBUG;
				SWIFT_OPTIMIZATION_LEVEL = "-Onone";
			};
			name = Debug;
		};
		CD0FC69521DFF6010060A596 /* Release */ = {
			isa = XCBuildConfiguration;
			buildSettings = {
				ALWAYS_SEARCH_USER_PATHS = NO;
				CLANG_ANALYZER_NONNULL = YES;
				CLANG_ANALYZER_NUMBER_OBJECT_CONVERSION = YES_AGGRESSIVE;
				CLANG_CXX_LANGUAGE_STANDARD = "gnu++14";
				CLANG_CXX_LIBRARY = "libc++";
				CLANG_ENABLE_MODULES = YES;
				CLANG_ENABLE_OBJC_ARC = YES;
				CLANG_ENABLE_OBJC_WEAK = YES;
				CLANG_WARN_BLOCK_CAPTURE_AUTORELEASING = YES;
				CLANG_WARN_BOOL_CONVERSION = YES;
				CLANG_WARN_COMMA = YES;
				CLANG_WARN_CONSTANT_CONVERSION = YES;
				CLANG_WARN_DEPRECATED_OBJC_IMPLEMENTATIONS = YES;
				CLANG_WARN_DIRECT_OBJC_ISA_USAGE = YES_ERROR;
				CLANG_WARN_DOCUMENTATION_COMMENTS = YES;
				CLANG_WARN_EMPTY_BODY = YES;
				CLANG_WARN_ENUM_CONVERSION = YES;
				CLANG_WARN_INFINITE_RECURSION = YES;
				CLANG_WARN_INT_CONVERSION = YES;
				CLANG_WARN_NON_LITERAL_NULL_CONVERSION = YES;
				CLANG_WARN_OBJC_IMPLICIT_RETAIN_SELF = YES;
				CLANG_WARN_OBJC_LITERAL_CONVERSION = YES;
				CLANG_WARN_OBJC_ROOT_CLASS = YES_ERROR;
				CLANG_WARN_RANGE_LOOP_ANALYSIS = YES;
				CLANG_WARN_STRICT_PROTOTYPES = YES;
				CLANG_WARN_SUSPICIOUS_MOVE = YES;
				CLANG_WARN_UNGUARDED_AVAILABILITY = YES_AGGRESSIVE;
				CLANG_WARN_UNREACHABLE_CODE = YES;
				CLANG_WARN__DUPLICATE_METHOD_MATCH = YES;
				CODE_SIGN_IDENTITY = "iPhone Developer";
				COPY_PHASE_STRIP = NO;
				DEBUG_INFORMATION_FORMAT = "dwarf-with-dsym";
				ENABLE_NS_ASSERTIONS = NO;
				ENABLE_STRICT_OBJC_MSGSEND = YES;
				GCC_C_LANGUAGE_STANDARD = gnu11;
				GCC_NO_COMMON_BLOCKS = YES;
				GCC_WARN_64_TO_32_BIT_CONVERSION = YES;
				GCC_WARN_ABOUT_RETURN_TYPE = YES_ERROR;
				GCC_WARN_UNDECLARED_SELECTOR = YES;
				GCC_WARN_UNINITIALIZED_AUTOS = YES_AGGRESSIVE;
				GCC_WARN_UNUSED_FUNCTION = YES;
				GCC_WARN_UNUSED_VARIABLE = YES;
				IPHONEOS_DEPLOYMENT_TARGET = 12.0;
				MTL_ENABLE_DEBUG_INFO = NO;
				MTL_FAST_MATH = YES;
				SDKROOT = iphoneos;
				SWIFT_COMPILATION_MODE = wholemodule;
				SWIFT_OPTIMIZATION_LEVEL = "-O";
				VALIDATE_PRODUCT = YES;
			};
			name = Release;
		};
		CD0FC69721DFF6010060A596 /* Debug */ = {
			isa = XCBuildConfiguration;
			buildSettings = {
				ASSETCATALOG_COMPILER_APPICON_NAME = AppIcon;
				CODE_SIGN_STYLE = Automatic;
				INFOPLIST_FILE = "$(SRCROOT)/MegaProject/Resources/Info.plist";
				LD_RUNPATH_SEARCH_PATHS = (
					"$(inherited)",
					"@executable_path/Frameworks",
				);
				PRODUCT_BUNDLE_IDENTIFIER = CTEC.MegaProject;
				PRODUCT_NAME = "$(TARGET_NAME)";
				SWIFT_VERSION = 4.2;
				TARGETED_DEVICE_FAMILY = "1,2";
			};
			name = Debug;
		};
		CD0FC69821DFF6010060A596 /* Release */ = {
			isa = XCBuildConfiguration;
			buildSettings = {
				ASSETCATALOG_COMPILER_APPICON_NAME = AppIcon;
				CODE_SIGN_STYLE = Automatic;
				INFOPLIST_FILE = "$(SRCROOT)/MegaProject/Resources/Info.plist";
				LD_RUNPATH_SEARCH_PATHS = (
					"$(inherited)",
					"@executable_path/Frameworks",
				);
				PRODUCT_BUNDLE_IDENTIFIER = CTEC.MegaProject;
				PRODUCT_NAME = "$(TARGET_NAME)";
				SWIFT_VERSION = 4.2;
				TARGETED_DEVICE_FAMILY = "1,2";
			};
			name = Release;
		};
/* End XCBuildConfiguration section */

/* Begin XCConfigurationList section */
		CD0FC67F21DFF5F60060A596 /* Build configuration list for PBXProject "MegaProject" */ = {
			isa = XCConfigurationList;
			buildConfigurations = (
				CD0FC69421DFF6010060A596 /* Debug */,
				CD0FC69521DFF6010060A596 /* Release */,
			);
			defaultConfigurationIsVisible = 0;
			defaultConfigurationName = Release;
		};
		CD0FC69621DFF6010060A596 /* Build configuration list for PBXNativeTarget "MegaProject" */ = {
			isa = XCConfigurationList;
			buildConfigurations = (
				CD0FC69721DFF6010060A596 /* Debug */,
				CD0FC69821DFF6010060A596 /* Release */,
			);
			defaultConfigurationIsVisible = 0;
			defaultConfigurationName = Release;
		};
/* End XCConfigurationList section */
	};
	rootObject = CD0FC67C21DFF5F60060A596 /* Project object */;
}
